
Microsoft Visual Studio Solution File, Format Version 12.00
Project("{FAE04EC0-301F-11D3-BF4B-00C04F79EFBC}") = "Strawhenge.Common", "Strawhenge.Common\Strawhenge.Common.csproj", "{DAB04632-9C72-4C2F-B2BD-481DD688C24D}"
EndProject
Project("{FAE04EC0-301F-11D3-BF4B-00C04F79EFBC}") = "Strawhenge.Common.Tests", "Strawhenge.Common.Tests\Strawhenge.Common.Tests.csproj", "{48144CB4-3C92-4BFD-9B8F-859E4ECCA742}"
EndProject
Project("{FAE04EC0-301F-11D3-BF4B-00C04F79EFBC}") = "Strawhenge.Common.Extensions.Xunit", "Strawhenge.Common.Extensions.Xunit\Strawhenge.Common.Extensions.Xunit.csproj", "{633ACEF6-662A-4DC3-9132-3EC4C779DF72}"
EndProject
Global
	GlobalSection(SolutionConfigurationPlatforms) = preSolution
		Debug|Any CPU = Debug|Any CPU
		Release|Any CPU = Release|Any CPU
	EndGlobalSection
	GlobalSection(ProjectConfigurationPlatforms) = postSolution
		{DAB04632-9C72-4C2F-B2BD-481DD688C24D}.Debug|Any CPU.ActiveCfg = Debug|Any CPU
		{DAB04632-9C72-4C2F-B2BD-481DD688C24D}.Debug|Any CPU.Build.0 = Debug|Any CPU
		{DAB04632-9C72-4C2F-B2BD-481DD688C24D}.Release|Any CPU.ActiveCfg = Release|Any CPU
		{DAB04632-9C72-4C2F-B2BD-481DD688C24D}.Release|Any CPU.Build.0 = Release|Any CPU
		{48144CB4-3C92-4BFD-9B8F-859E4ECCA742}.Debug|Any CPU.ActiveCfg = Debug|Any CPU
		{48144CB4-3C92-4BFD-9B8F-859E4ECCA742}.Debug|Any CPU.Build.0 = Debug|Any CPU
		{48144CB4-3C92-4BFD-9B8F-859E4ECCA742}.Release|Any CPU.ActiveCfg = Release|Any CPU
		{48144CB4-3C92-4BFD-9B8F-859E4ECCA742}.Release|Any CPU.Build.0 = Release|Any CPU
		{633ACEF6-662A-4DC3-9132-3EC4C779DF72}.Debug|Any CPU.ActiveCfg = Debug|Any CPU
		{633ACEF6-662A-4DC3-9132-3EC4C779DF72}.Debug|Any CPU.Build.0 = Debug|Any CPU
		{633ACEF6-662A-4DC3-9132-3EC4C779DF72}.Release|Any CPU.ActiveCfg = Release|Any CPU
		{633ACEF6-662A-4DC3-9132-3EC4C779DF72}.Release|Any CPU.Build.0 = Release|Any CPU
	EndGlobalSection
EndGlobal
